
Microsoft Visual Studio Solution File, Format Version 12.00
Project("{FAE04EC0-301F-11D3-BF4B-00C04F79EFBC}") = "Dialogative", "Dialogative\Dialogative.csproj", "{2B030429-0562-477F-9306-792C89AAB41F}"
EndProject
Project("{FAE04EC0-301F-11D3-BF4B-00C04F79EFBC}") = "Dialogative.Tests", "Dialogative.Tests\Dialogative.Tests.csproj", "{22F35CB1-C23A-4008-A6FD-FC61672A0C75}"
EndProject
Project("{FAE04EC0-301F-11D3-BF4B-00C04F79EFBC}") = "Dialogative.Example", "Dialogative.Example\Dialogative.Example.csproj", "{29CB6CE8-8BF7-44AB-BC4A-D22DD32191F3}"
EndProject
Global
	GlobalSection(SolutionConfigurationPlatforms) = preSolution
		Debug|Any CPU = Debug|Any CPU
		Release|Any CPU = Release|Any CPU
	EndGlobalSection
	GlobalSection(ProjectConfigurationPlatforms) = postSolution
		{2B030429-0562-477F-9306-792C89AAB41F}.Debug|Any CPU.ActiveCfg = Debug|Any CPU
		{2B030429-0562-477F-9306-792C89AAB41F}.Debug|Any CPU.Build.0 = Debug|Any CPU
		{2B030429-0562-477F-9306-792C89AAB41F}.Release|Any CPU.ActiveCfg = Release|Any CPU
		{2B030429-0562-477F-9306-792C89AAB41F}.Release|Any CPU.Build.0 = Release|Any CPU
		{22F35CB1-C23A-4008-A6FD-FC61672A0C75}.Debug|Any CPU.ActiveCfg = Debug|Any CPU
		{22F35CB1-C23A-4008-A6FD-FC61672A0C75}.Debug|Any CPU.Build.0 = Debug|Any CPU
		{22F35CB1-C23A-4008-A6FD-FC61672A0C75}.Release|Any CPU.ActiveCfg = Release|Any CPU
		{22F35CB1-C23A-4008-A6FD-FC61672A0C75}.Release|Any CPU.Build.0 = Release|Any CPU
		{29CB6CE8-8BF7-44AB-BC4A-D22DD32191F3}.Debug|Any CPU.ActiveCfg = Debug|Any CPU
		{29CB6CE8-8BF7-44AB-BC4A-D22DD32191F3}.Debug|Any CPU.Build.0 = Debug|Any CPU
		{29CB6CE8-8BF7-44AB-BC4A-D22DD32191F3}.Release|Any CPU.ActiveCfg = Release|Any CPU
		{29CB6CE8-8BF7-44AB-BC4A-D22DD32191F3}.Release|Any CPU.Build.0 = Release|Any CPU
	EndGlobalSection
EndGlobal
